
Microsoft Visual Studio Solution File, Format Version 12.00
# Visual Studio 15
VisualStudioVersion = 15.0.28307.1705
MinimumVisualStudioVersion = 10.0.40219.1
Project("{8BC9CEB8-8B4A-11D0-8D11-00A0C91BC942}") = "Framework", "Framework\Framework.vcxproj", "{B640DD8F-8898-4DD5-B881-129CE7985A55}"
EndProject
Project("{8BC9CEB8-8B4A-11D0-8D11-00A0C91BC942}") = "UnitTest", "UnitTest\UnitTest.vcxproj", "{FE0D7081-B8D9-42FA-B4C8-253DAD26D70C}"
	ProjectSection(ProjectDependencies) = postProject
		{B640DD8F-8898-4DD5-B881-129CE7985A55} = {B640DD8F-8898-4DD5-B881-129CE7985A55}
	EndProjectSection
EndProject
Project("{2150E333-8FDC-42A3-9474-1A3956D46DE8}") = "_Shaders", "_Shaders", "{95378D62-B2EF-455D-9352-0DF818D776CB}"
	ProjectSection(SolutionItems) = preProject
		..\_Shaders\000_Header.fx = ..\_Shaders\000_Header.fx
		..\_Shaders\001_Vertex.fx = ..\_Shaders\001_Vertex.fx
		..\_Shaders\002_Rect.fx = ..\_Shaders\002_Rect.fx
		..\_Shaders\003_World.fx = ..\_Shaders\003_World.fx
		..\_Shaders\004_Quad.fx = ..\_Shaders\004_Quad.fx
		..\_Shaders\005_Texture.fx = ..\_Shaders\005_Texture.fx
		..\_Shaders\006_Terrain.fx = ..\_Shaders\006_Terrain.fx
		..\_Shaders\007_Mesh.fx = ..\_Shaders\007_Mesh.fx
		..\_Shaders\008_Texture.fx = ..\_Shaders\008_Texture.fx
	EndProjectSection
EndProject
Global
	GlobalSection(SolutionConfigurationPlatforms) = preSolution
		Debug|x64 = Debug|x64
		Debug|x86 = Debug|x86
		Release|x64 = Release|x64
		Release|x86 = Release|x86
	EndGlobalSection
	GlobalSection(ProjectConfigurationPlatforms) = postSolution
		{B640DD8F-8898-4DD5-B881-129CE7985A55}.Debug|x64.ActiveCfg = Debug|x64
		{B640DD8F-8898-4DD5-B881-129CE7985A55}.Debug|x64.Build.0 = Debug|x64
		{B640DD8F-8898-4DD5-B881-129CE7985A55}.Debug|x86.ActiveCfg = Debug|Win32
		{B640DD8F-8898-4DD5-B881-129CE7985A55}.Debug|x86.Build.0 = Debug|Win32
		{B640DD8F-8898-4DD5-B881-129CE7985A55}.Release|x64.ActiveCfg = Release|x64
		{B640DD8F-8898-4DD5-B881-129CE7985A55}.Release|x64.Build.0 = Release|x64
		{B640DD8F-8898-4DD5-B881-129CE7985A55}.Release|x86.ActiveCfg = Release|Win32
		{B640DD8F-8898-4DD5-B881-129CE7985A55}.Release|x86.Build.0 = Release|Win32
		{FE0D7081-B8D9-42FA-B4C8-253DAD26D70C}.Debug|x64.ActiveCfg = Debug|x64
		{FE0D7081-B8D9-42FA-B4C8-253DAD26D70C}.Debug|x64.Build.0 = Debug|x64
		{FE0D7081-B8D9-42FA-B4C8-253DAD26D70C}.Debug|x86.ActiveCfg = Debug|Win32
		{FE0D7081-B8D9-42FA-B4C8-253DAD26D70C}.Debug|x86.Build.0 = Debug|Win32
		{FE0D7081-B8D9-42FA-B4C8-253DAD26D70C}.Release|x64.ActiveCfg = Release|x64
		{FE0D7081-B8D9-42FA-B4C8-253DAD26D70C}.Release|x64.Build.0 = Release|x64
		{FE0D7081-B8D9-42FA-B4C8-253DAD26D70C}.Release|x86.ActiveCfg = Release|Win32
		{FE0D7081-B8D9-42FA-B4C8-253DAD26D70C}.Release|x86.Build.0 = Release|Win32
	EndGlobalSection
	GlobalSection(SolutionProperties) = preSolution
		HideSolutionNode = FALSE
	EndGlobalSection
	GlobalSection(ExtensibilityGlobals) = postSolution
		SolutionGuid = {1715AE11-0F72-4B77-BA66-64489BB22E3A}
	EndGlobalSection
EndGlobal
